// !$*UTF8*$!
{
	archiveVersion = 1;
	classes = {
	};
	objectVersion = 55;
	objects = {

/* Begin PBXBuildFile section */
		C4258013280E887600CA588A /* SettindsViewController.swift in Sources */ = {isa = PBXBuildFile; fileRef = C4258012280E887600CA588A /* SettindsViewController.swift */; };
		C42FE3F9281F2C630075342E /* LibriesViewController.swift in Sources */ = {isa = PBXBuildFile; fileRef = C42FE3F8281F2C630075342E /* LibriesViewController.swift */; };
		C442068E283F60BD00DDA292 /* HomeViewController.swift in Sources */ = {isa = PBXBuildFile; fileRef = C442068D283F60BD00DDA292 /* HomeViewController.swift */; };
		C4420690283F642C00DDA292 /* HomeCollectionViewCell.swift in Sources */ = {isa = PBXBuildFile; fileRef = C442068F283F642C00DDA292 /* HomeCollectionViewCell.swift */; };
		C4652317280E3A4200164493 /* ProfileViewController.swift in Sources */ = {isa = PBXBuildFile; fileRef = C4652316280E3A4200164493 /* ProfileViewController.swift */; };
		C465231B280E3E3D00164493 /* Modul.swift in Sources */ = {isa = PBXBuildFile; fileRef = C465231A280E3E3D00164493 /* Modul.swift */; };
		C48A8AAD280487F500A5E054 /* AppDelegate.swift in Sources */ = {isa = PBXBuildFile; fileRef = C48A8AAC280487F500A5E054 /* AppDelegate.swift */; };
		C48A8AB4280487F500A5E054 /* Main.storyboard in Resources */ = {isa = PBXBuildFile; fileRef = C48A8AB2280487F500A5E054 /* Main.storyboard */; };
		C48A8AB6280487F800A5E054 /* Assets.xcassets in Resources */ = {isa = PBXBuildFile; fileRef = C48A8AB5280487F800A5E054 /* Assets.xcassets */; };
		C48A8AB9280487F800A5E054 /* LaunchScreen.storyboard in Resources */ = {isa = PBXBuildFile; fileRef = C48A8AB7280487F800A5E054 /* LaunchScreen.storyboard */; };
		C4AD10832832606C00987A29 /* RentedBookViewController.swift in Sources */ = {isa = PBXBuildFile; fileRef = C4AD10822832606C00987A29 /* RentedBookViewController.swift */; };
		C4AD10872832843F00987A29 /* DeptViewController.swift in Sources */ = {isa = PBXBuildFile; fileRef = C4AD10862832843F00987A29 /* DeptViewController.swift */; };
		C4E66D3B283BB9C80000B8AE /* TimerViewController.swift in Sources */ = {isa = PBXBuildFile; fileRef = C4E66D3A283BB9C80000B8AE /* TimerViewController.swift */; };
		C4E66D3F283D35200000B8AE /* CoorMapModul.swift in Sources */ = {isa = PBXBuildFile; fileRef = C4E66D3E283D35200000B8AE /* CoorMapModul.swift */; };
		C4E66D41283D380D0000B8AE /* ModulCoor.swift in Sources */ = {isa = PBXBuildFile; fileRef = C4E66D40283D380D0000B8AE /* ModulCoor.swift */; };
		C4E66D43283D5AE80000B8AE /* CreateNewMapViewController.swift in Sources */ = {isa = PBXBuildFile; fileRef = C4E66D42283D5AE80000B8AE /* CreateNewMapViewController.swift */; };
		C4F3829D284F663B0051B4ED /* NavigatorMapViewController.swift in Sources */ = {isa = PBXBuildFile; fileRef = C4F3829C284F663B0051B4ED /* NavigatorMapViewController.swift */; };
		C4F3829F28509C900051B4ED /* NotificationViewController.swift in Sources */ = {isa = PBXBuildFile; fileRef = C4F3829E28509C8F0051B4ED /* NotificationViewController.swift */; };
/* End PBXBuildFile section */

/* Begin PBXFileReference section */
		C4258012280E887600CA588A /* SettindsViewController.swift */ = {isa = PBXFileReference; lastKnownFileType = sourcecode.swift; path = SettindsViewController.swift; sourceTree = "<group>"; };
		C42FE3F8281F2C630075342E /* LibriesViewController.swift */ = {isa = PBXFileReference; lastKnownFileType = sourcecode.swift; path = LibriesViewController.swift; sourceTree = "<group>"; };
		C442068D283F60BD00DDA292 /* HomeViewController.swift */ = {isa = PBXFileReference; lastKnownFileType = sourcecode.swift; path = HomeViewController.swift; sourceTree = "<group>"; };
		C442068F283F642C00DDA292 /* HomeCollectionViewCell.swift */ = {isa = PBXFileReference; lastKnownFileType = sourcecode.swift; path = HomeCollectionViewCell.swift; sourceTree = "<group>"; };
		C4652316280E3A4200164493 /* ProfileViewController.swift */ = {isa = PBXFileReference; lastKnownFileType = sourcecode.swift; path = ProfileViewController.swift; sourceTree = "<group>"; };
		C465231A280E3E3D00164493 /* Modul.swift */ = {isa = PBXFileReference; lastKnownFileType = sourcecode.swift; path = Modul.swift; sourceTree = "<group>"; };
		C48A8AA9280487F500A5E054 /* Otrar.app */ = {isa = PBXFileReference; explicitFileType = wrapper.application; includeInIndex = 0; path = Otrar.app; sourceTree = BUILT_PRODUCTS_DIR; };
		C48A8AAC280487F500A5E054 /* AppDelegate.swift */ = {isa = PBXFileReference; lastKnownFileType = sourcecode.swift; path = AppDelegate.swift; sourceTree = "<group>"; };
		C48A8AB3280487F500A5E054 /* Base */ = {isa = PBXFileReference; lastKnownFileType = file.storyboard; name = Base; path = Base.lproj/Main.storyboard; sourceTree = "<group>"; };
		C48A8AB5280487F800A5E054 /* Assets.xcassets */ = {isa = PBXFileReference; lastKnownFileType = folder.assetcatalog; path = Assets.xcassets; sourceTree = "<group>"; };
		C48A8AB8280487F800A5E054 /* Base */ = {isa = PBXFileReference; lastKnownFileType = file.storyboard; name = Base; path = Base.lproj/LaunchScreen.storyboard; sourceTree = "<group>"; };
		C48A8ABA280487F800A5E054 /* Info.plist */ = {isa = PBXFileReference; lastKnownFileType = text.plist.xml; path = Info.plist; sourceTree = "<group>"; };
		C4AD10822832606C00987A29 /* RentedBookViewController.swift */ = {isa = PBXFileReference; lastKnownFileType = sourcecode.swift; path = RentedBookViewController.swift; sourceTree = "<group>"; };
		C4AD10862832843F00987A29 /* DeptViewController.swift */ = {isa = PBXFileReference; lastKnownFileType = sourcecode.swift; path = DeptViewController.swift; sourceTree = "<group>"; };
		C4E66D3A283BB9C80000B8AE /* TimerViewController.swift */ = {isa = PBXFileReference; lastKnownFileType = sourcecode.swift; path = TimerViewController.swift; sourceTree = "<group>"; };
		C4E66D3E283D35200000B8AE /* CoorMapModul.swift */ = {isa = PBXFileReference; lastKnownFileType = sourcecode.swift; path = CoorMapModul.swift; sourceTree = "<group>"; };
		C4E66D40283D380D0000B8AE /* ModulCoor.swift */ = {isa = PBXFileReference; lastKnownFileType = sourcecode.swift; path = ModulCoor.swift; sourceTree = "<group>"; };
		C4E66D42283D5AE80000B8AE /* CreateNewMapViewController.swift */ = {isa = PBXFileReference; lastKnownFileType = sourcecode.swift; path = CreateNewMapViewController.swift; sourceTree = "<group>"; };
		C4F3829C284F663B0051B4ED /* NavigatorMapViewController.swift */ = {isa = PBXFileReference; lastKnownFileType = sourcecode.swift; path = NavigatorMapViewController.swift; sourceTree = "<group>"; };
		C4F3829E28509C8F0051B4ED /* NotificationViewController.swift */ = {isa = PBXFileReference; lastKnownFileType = sourcecode.swift; path = NotificationViewController.swift; sourceTree = "<group>"; };
/* End PBXFileReference section */

/* Begin PBXFrameworksBuildPhase section */
		C48A8AA6280487F500A5E054 /* Frameworks */ = {
			isa = PBXFrameworksBuildPhase;
			buildActionMask = 2147483647;
			files = (
			);
			runOnlyForDeploymentPostprocessing = 0;
		};
/* End PBXFrameworksBuildPhase section */

/* Begin PBXGroup section */
		C48A8AA0280487F500A5E054 = {
			isa = PBXGroup;
			children = (
				C48A8AAB280487F500A5E054 /* Otrar */,
				C48A8AAA280487F500A5E054 /* Products */,
			);
			sourceTree = "<group>";
		};
		C48A8AAA280487F500A5E054 /* Products */ = {
			isa = PBXGroup;
			children = (
				C48A8AA9280487F500A5E054 /* Otrar.app */,
			);
			name = Products;
			sourceTree = "<group>";
		};
		C48A8AAB280487F500A5E054 /* Otrar */ = {
			isa = PBXGroup;
			children = (
				C48A8AAC280487F500A5E054 /* AppDelegate.swift */,
				C48A8AB2280487F500A5E054 /* Main.storyboard */,
				C48A8AB5280487F800A5E054 /* Assets.xcassets */,
				C48A8AB7280487F800A5E054 /* LaunchScreen.storyboard */,
				C48A8ABA280487F800A5E054 /* Info.plist */,
				C4652316280E3A4200164493 /* ProfileViewController.swift */,
				C465231A280E3E3D00164493 /* Modul.swift */,
				C4258012280E887600CA588A /* SettindsViewController.swift */,
				C42FE3F8281F2C630075342E /* LibriesViewController.swift */,
				C4AD10822832606C00987A29 /* RentedBookViewController.swift */,
				C4AD10862832843F00987A29 /* DeptViewController.swift */,
				C4E66D3A283BB9C80000B8AE /* TimerViewController.swift */,
				C4E66D3E283D35200000B8AE /* CoorMapModul.swift */,
				C4E66D40283D380D0000B8AE /* ModulCoor.swift */,
				C4E66D42283D5AE80000B8AE /* CreateNewMapViewController.swift */,
				C442068D283F60BD00DDA292 /* HomeViewController.swift */,
				C442068F283F642C00DDA292 /* HomeCollectionViewCell.swift */,
				C4F3829C284F663B0051B4ED /* NavigatorMapViewController.swift */,
				C4F3829E28509C8F0051B4ED /* NotificationViewController.swift */,
			);
			path = Otrar;
			sourceTree = "<group>";
		};
/* End PBXGroup section */

/* Begin PBXNativeTarget section */
		C48A8AA8280487F500A5E054 /* Otrar */ = {
			isa = PBXNativeTarget;
			buildConfigurationList = C48A8ABD280487F800A5E054 /* Build configuration list for PBXNativeTarget "Otrar" */;
			buildPhases = (
				C48A8AA5280487F500A5E054 /* Sources */,
				C48A8AA6280487F500A5E054 /* Frameworks */,
				C48A8AA7280487F500A5E054 /* Resources */,
			);
			buildRules = (
			);
			dependencies = (
			);
			name = Otrar;
			productName = Otrar;
			productReference = C48A8AA9280487F500A5E054 /* Otrar.app */;
			productType = "com.apple.product-type.application";
		};
/* End PBXNativeTarget section */

/* Begin PBXProject section */
		C48A8AA1280487F500A5E054 /* Project object */ = {
			isa = PBXProject;
			attributes = {
				BuildIndependentTargetsInParallel = 1;
				LastSwiftUpdateCheck = 1330;
				LastUpgradeCheck = 1330;
				TargetAttributes = {
					C48A8AA8280487F500A5E054 = {
						CreatedOnToolsVersion = 13.3;
					};
				};
			};
			buildConfigurationList = C48A8AA4280487F500A5E054 /* Build configuration list for PBXProject "Otrar" */;
			compatibilityVersion = "Xcode 13.0";
			developmentRegion = en;
			hasScannedForEncodings = 0;
			knownRegions = (
				en,
				Base,
			);
			mainGroup = C48A8AA0280487F500A5E054;
			productRefGroup = C48A8AAA280487F500A5E054 /* Products */;
			projectDirPath = "";
			projectRoot = "";
			targets = (
				C48A8AA8280487F500A5E054 /* Otrar */,
			);
		};
/* End PBXProject section */

/* Begin PBXResourcesBuildPhase section */
		C48A8AA7280487F500A5E054 /* Resources */ = {
			isa = PBXResourcesBuildPhase;
			buildActionMask = 2147483647;
			files = (
				C48A8AB9280487F800A5E054 /* LaunchScreen.storyboard in Resources */,
				C48A8AB6280487F800A5E054 /* Assets.xcassets in Resources */,
				C48A8AB4280487F500A5E054 /* Main.storyboard in Resources */,
			);
			runOnlyForDeploymentPostprocessing = 0;
		};
/* End PBXResourcesBuildPhase section */

/* Begin PBXSourcesBuildPhase section */
		C48A8AA5280487F500A5E054 /* Sources */ = {
			isa = PBXSourcesBuildPhase;
			buildActionMask = 2147483647;
			files = (
				C4258013280E887600CA588A /* SettindsViewController.swift in Sources */,
				C4652317280E3A4200164493 /* ProfileViewController.swift in Sources */,
				C465231B280E3E3D00164493 /* Modul.swift in Sources */,
				C4E66D3F283D35200000B8AE /* CoorMapModul.swift in Sources */,
				C4E66D43283D5AE80000B8AE /* CreateNewMapViewController.swift in Sources */,
				C4F3829F28509C900051B4ED /* NotificationViewController.swift in Sources */,
				C4420690283F642C00DDA292 /* HomeCollectionViewCell.swift in Sources */,
				C4F3829D284F663B0051B4ED /* NavigatorMapViewController.swift in Sources */,
				C4AD10832832606C00987A29 /* RentedBookViewController.swift in Sources */,
				C4E66D3B283BB9C80000B8AE /* TimerViewController.swift in Sources */,
				C4AD10872832843F00987A29 /* DeptViewController.swift in Sources */,
				C4E66D41283D380D0000B8AE /* ModulCoor.swift in Sources */,
				C42FE3F9281F2C630075342E /* LibriesViewController.swift in Sources */,
				C48A8AAD280487F500A5E054 /* AppDelegate.swift in Sources */,
				C442068E283F60BD00DDA292 /* HomeViewController.swift in Sources */,
			);
			runOnlyForDeploymentPostprocessing = 0;
		};
/* End PBXSourcesBuildPhase section */

/* Begin PBXVariantGroup section */
		C48A8AB2280487F500A5E054 /* Main.storyboard */ = {
			isa = PBXVariantGroup;
			children = (
				C48A8AB3280487F500A5E054 /* Base */,
			);
			name = Main.storyboard;
			sourceTree = "<group>";
		};
		C48A8AB7280487F800A5E054 /* LaunchScreen.storyboard */ = {
			isa = PBXVariantGroup;
			children = (
				C48A8AB8280487F800A5E054 /* Base */,
			);
			name = LaunchScreen.storyboard;
			sourceTree = "<group>";
		};
/* End PBXVariantGroup section */

/* Begin XCBuildConfiguration section */
		C48A8ABB280487F800A5E054 /* Debug */ = {
			isa = XCBuildConfiguration;
			buildSettings = {
				ALWAYS_SEARCH_USER_PATHS = NO;
				CLANG_ANALYZER_NONNULL = YES;
				CLANG_ANALYZER_NUMBER_OBJECT_CONVERSION = YES_AGGRESSIVE;
				CLANG_CXX_LANGUAGE_STANDARD = "gnu++17";
				CLANG_ENABLE_MODULES = YES;
				CLANG_ENABLE_OBJC_ARC = YES;
				CLANG_ENABLE_OBJC_WEAK = YES;
				CLANG_WARN_BLOCK_CAPTURE_AUTORELEASING = YES;
				CLANG_WARN_BOOL_CONVERSION = YES;
				CLANG_WARN_COMMA = YES;
				CLANG_WARN_CONSTANT_CONVERSION = YES;
				CLANG_WARN_DEPRECATED_OBJC_IMPLEMENTATIONS = YES;
				CLANG_WARN_DIRECT_OBJC_ISA_USAGE = YES_ERROR;
				CLANG_WARN_DOCUMENTATION_COMMENTS = YES;
				CLANG_WARN_EMPTY_BODY = YES;
				CLANG_WARN_ENUM_CONVERSION = YES;
				CLANG_WARN_INFINITE_RECURSION = YES;
				CLANG_WARN_INT_CONVERSION = YES;
				CLANG_WARN_NON_LITERAL_NULL_CONVERSION = YES;
				CLANG_WARN_OBJC_IMPLICIT_RETAIN_SELF = YES;
				CLANG_WARN_OBJC_LITERAL_CONVERSION = YES;
				CLANG_WARN_OBJC_ROOT_CLASS = YES_ERROR;
				CLANG_WARN_QUOTED_INCLUDE_IN_FRAMEWORK_HEADER = YES;
				CLANG_WARN_RANGE_LOOP_ANALYSIS = YES;
				CLANG_WARN_STRICT_PROTOTYPES = YES;
				CLANG_WARN_SUSPICIOUS_MOVE = YES;
				CLANG_WARN_UNGUARDED_AVAILABILITY = YES_AGGRESSIVE;
				CLANG_WARN_UNREACHABLE_CODE = YES;
				CLANG_WARN__DUPLICATE_METHOD_MATCH = YES;
				COPY_PHASE_STRIP = NO;
				DEBUG_INFORMATION_FORMAT = dwarf;
				ENABLE_STRICT_OBJC_MSGSEND = YES;
				ENABLE_TESTABILITY = YES;
				GCC_C_LANGUAGE_STANDARD = gnu11;
				GCC_DYNAMIC_NO_PIC = NO;
				GCC_NO_COMMON_BLOCKS = YES;
				GCC_OPTIMIZATION_LEVEL = 0;
				GCC_PREPROCESSOR_DEFINITIONS = (
					"DEBUG=1",
					"$(inherited)",
				);
				GCC_WARN_64_TO_32_BIT_CONVERSION = YES;
				GCC_WARN_ABOUT_RETURN_TYPE = YES_ERROR;
				GCC_WARN_UNDECLARED_SELECTOR = YES;
				GCC_WARN_UNINITIALIZED_AUTOS = YES_AGGRESSIVE;
				GCC_WARN_UNUSED_FUNCTION = YES;
				GCC_WARN_UNUSED_VARIABLE = YES;
				IPHONEOS_DEPLOYMENT_TARGET = 15.4;
				MTL_ENABLE_DEBUG_INFO = INCLUDE_SOURCE;
				MTL_FAST_MATH = YES;
				ONLY_ACTIVE_ARCH = YES;
				SDKROOT = iphoneos;
				SWIFT_ACTIVE_COMPILATION_CONDITIONS = DEBUG;
				SWIFT_OPTIMIZATION_LEVEL = "-Onone";
			};
			name = Debug;
		};
		C48A8ABC280487F800A5E054 /* Release */ = {
			isa = XCBuildConfiguration;
			buildSettings = {
				ALWAYS_SEARCH_USER_PATHS = NO;
				CLANG_ANALYZER_NONNULL = YES;
				CLANG_ANALYZER_NUMBER_OBJECT_CONVERSION = YES_AGGRESSIVE;
				CLANG_CXX_LANGUAGE_STANDARD = "gnu++17";
				CLANG_ENABLE_MODULES = YES;
				CLANG_ENABLE_OBJC_ARC = YES;
				CLANG_ENABLE_OBJC_WEAK = YES;
				CLANG_WARN_BLOCK_CAPTURE_AUTORELEASING = YES;
				CLANG_WARN_BOOL_CONVERSION = YES;
				CLANG_WARN_COMMA = YES;
				CLANG_WARN_CONSTANT_CONVERSION = YES;
				CLANG_WARN_DEPRECATED_OBJC_IMPLEMENTATIONS = YES;
				CLANG_WARN_DIRECT_OBJC_ISA_USAGE = YES_ERROR;
				CLANG_WARN_DOCUMENTATION_COMMENTS = YES;
				CLANG_WARN_EMPTY_BODY = YES;
				CLANG_WARN_ENUM_CONVERSION = YES;
				CLANG_WARN_INFINITE_RECURSION = YES;
				CLANG_WARN_INT_CONVERSION = YES;
				CLANG_WARN_NON_LITERAL_NULL_CONVERSION = YES;
				CLANG_WARN_OBJC_IMPLICIT_RETAIN_SELF = YES;
				CLANG_WARN_OBJC_LITERAL_CONVERSION = YES;
				CLANG_WARN_OBJC_ROOT_CLASS = YES_ERROR;
				CLANG_WARN_QUOTED_INCLUDE_IN_FRAMEWORK_HEADER = YES;
				CLANG_WARN_RANGE_LOOP_ANALYSIS = YES;
				CLANG_WARN_STRICT_PROTOTYPES = YES;
				CLANG_WARN_SUSPICIOUS_MOVE = YES;
				CLANG_WARN_UNGUARDED_AVAILABILITY = YES_AGGRESSIVE;
				CLANG_WARN_UNREACHABLE_CODE = YES;
				CLANG_WARN__DUPLICATE_METHOD_MATCH = YES;
				COPY_PHASE_STRIP = NO;
				DEBUG_INFORMATION_FORMAT = "dwarf-with-dsym";
				ENABLE_NS_ASSERTIONS = NO;
				ENABLE_STRICT_OBJC_MSGSEND = YES;
				GCC_C_LANGUAGE_STANDARD = gnu11;
				GCC_NO_COMMON_BLOCKS = YES;
				GCC_WARN_64_TO_32_BIT_CONVERSION = YES;
				GCC_WARN_ABOUT_RETURN_TYPE = YES_ERROR;
				GCC_WARN_UNDECLARED_SELECTOR = YES;
				GCC_WARN_UNINITIALIZED_AUTOS = YES_AGGRESSIVE;
				GCC_WARN_UNUSED_FUNCTION = YES;
				GCC_WARN_UNUSED_VARIABLE = YES;
				IPHONEOS_DEPLOYMENT_TARGET = 15.4;
				MTL_ENABLE_DEBUG_INFO = NO;
				MTL_FAST_MATH = YES;
				SDKROOT = iphoneos;
				SWIFT_COMPILATION_MODE = wholemodule;
				SWIFT_OPTIMIZATION_LEVEL = "-O";
				VALIDATE_PRODUCT = YES;
			};
			name = Release;
		};
		C48A8ABE280487F800A5E054 /* Debug */ = {
			isa = XCBuildConfiguration;
			buildSettings = {
				ASSETCATALOG_COMPILER_APPICON_NAME = AppIcon;
				ASSETCATALOG_COMPILER_GLOBAL_ACCENT_COLOR_NAME = AccentColor;
				CODE_SIGN_STYLE = Automatic;
				CURRENT_PROJECT_VERSION = 1;
				DEVELOPMENT_TEAM = 7AXSS35C7T;
				GENERATE_INFOPLIST_FILE = YES;
				INFOPLIST_FILE = Otrar/Info.plist;
				INFOPLIST_KEY_UIApplicationSupportsIndirectInputEvents = YES;
				INFOPLIST_KEY_UILaunchStoryboardName = LaunchScreen;
				INFOPLIST_KEY_UIMainStoryboardFile = Main;
				INFOPLIST_KEY_UISupportedInterfaceOrientations = UIInterfaceOrientationPortrait;
				INFOPLIST_KEY_UISupportedInterfaceOrientations_iPad = "UIInterfaceOrientationPortrait UIInterfaceOrientationPortraitUpsideDown UIInterfaceOrientationLandscapeLeft UIInterfaceOrientationLandscapeRight";
				INFOPLIST_KEY_UISupportedInterfaceOrientations_iPhone = "UIInterfaceOrientationPortrait UIInterfaceOrientationLandscapeLeft UIInterfaceOrientationLandscapeRight";
				IPHONEOS_DEPLOYMENT_TARGET = 12.0;
				LD_RUNPATH_SEARCH_PATHS = (
					"$(inherited)",
					"@executable_path/Frameworks",
				);
				MARKETING_VERSION = 1.0;
				PRODUCT_BUNDLE_IDENTIFIER = com.yourcompany.Otrar;
				PRODUCT_NAME = "$(TARGET_NAME)";
				SWIFT_EMIT_LOC_STRINGS = YES;
				SWIFT_VERSION = 5.0;
				TARGETED_DEVICE_FAMILY = 1;
			};
			name = Debug;
		};
		C48A8ABF280487F800A5E054 /* Release */ = {
			isa = XCBuildConfiguration;
			buildSettings = {
				ASSETCATALOG_COMPILER_APPICON_NAME = AppIcon;
				ASSETCATALOG_COMPILER_GLOBAL_ACCENT_COLOR_NAME = AccentColor;
				CODE_SIGN_STYLE = Automatic;
				CURRENT_PROJECT_VERSION = 1;
				DEVELOPMENT_TEAM = 7AXSS35C7T;
				GENERATE_INFOPLIST_FILE = YES;
				INFOPLIST_FILE = Otrar/Info.plist;
				INFOPLIST_KEY_UIApplicationSupportsIndirectInputEvents = YES;
				INFOPLIST_KEY_UILaunchStoryboardName = LaunchScreen;
				INFOPLIST_KEY_UIMainStoryboardFile = Main;
				INFOPLIST_KEY_UISupportedInterfaceOrientations = UIInterfaceOrientationPortrait;
				INFOPLIST_KEY_UISupportedInterfaceOrientations_iPad = "UIInterfaceOrientationPortrait UIInterfaceOrientationPortraitUpsideDown UIInterfaceOrientationLandscapeLeft UIInterfaceOrientationLandscapeRight";
				INFOPLIST_KEY_UISupportedInterfaceOrientations_iPhone = "UIInterfaceOrientationPortrait UIInterfaceOrientationLandscapeLeft UIInterfaceOrientationLandscapeRight";
				IPHONEOS_DEPLOYMENT_TARGET = 12.0;
				LD_RUNPATH_SEARCH_PATHS = (
					"$(inherited)",
					"@executable_path/Frameworks",
				);
				MARKETING_VERSION = 1.0;
				PRODUCT_BUNDLE_IDENTIFIER = com.yourcompany.Otrar;
				PRODUCT_NAME = "$(TARGET_NAME)";
				SWIFT_EMIT_LOC_STRINGS = YES;
				SWIFT_VERSION = 5.0;
				TARGETED_DEVICE_FAMILY = 1;
			};
			name = Release;
		};
/* End XCBuildConfiguration section */

/* Begin XCConfigurationList section */
		C48A8AA4280487F500A5E054 /* Build configuration list for PBXProject "Otrar" */ = {
			isa = XCConfigurationList;
			buildConfigurations = (
				C48A8ABB280487F800A5E054 /* Debug */,
				C48A8ABC280487F800A5E054 /* Release */,
			);
			defaultConfigurationIsVisible = 0;
			defaultConfigurationName = Release;
		};
		C48A8ABD280487F800A5E054 /* Build configuration list for PBXNativeTarget "Otrar" */ = {
			isa = XCConfigurationList;
			buildConfigurations = (
				C48A8ABE280487F800A5E054 /* Debug */,
				C48A8ABF280487F800A5E054 /* Release */,
			);
			defaultConfigurationIsVisible = 0;
			defaultConfigurationName = Release;
		};
/* End XCConfigurationList section */
	};
	rootObject = C48A8AA1280487F500A5E054 /* Project object */;
}
